// !$*UTF8*$!
{
	archiveVersion = 1;
	classes = {
	};
	objectVersion = 46;
	objects = {

/* Begin PBXBuildFile section */
		037137C5527687B945DC4C4F /* Pods_sample3Tests.framework in Frameworks */ = {isa = PBXBuildFile; fileRef = 6BF8C680AD6A5BA31A6CBBF6 /* Pods_sample3Tests.framework */; };
		3C2E3B3E1DE6ABD000950F24 /* AppDelegate.swift in Sources */ = {isa = PBXBuildFile; fileRef = 3C2E3B3D1DE6ABD000950F24 /* AppDelegate.swift */; };
		3C2E3B401DE6ABD000950F24 /* ViewController.swift in Sources */ = {isa = PBXBuildFile; fileRef = 3C2E3B3F1DE6ABD000950F24 /* ViewController.swift */; };
		3C2E3B431DE6ABD000950F24 /* Main.storyboard in Resources */ = {isa = PBXBuildFile; fileRef = 3C2E3B411DE6ABD000950F24 /* Main.storyboard */; };
		3C2E3B451DE6ABD000950F24 /* Assets.xcassets in Resources */ = {isa = PBXBuildFile; fileRef = 3C2E3B441DE6ABD000950F24 /* Assets.xcassets */; };
		3C2E3B481DE6ABD000950F24 /* LaunchScreen.storyboard in Resources */ = {isa = PBXBuildFile; fileRef = 3C2E3B461DE6ABD000950F24 /* LaunchScreen.storyboard */; };
		3C2E3B531DE6ABD000950F24 /* sample3Tests.swift in Sources */ = {isa = PBXBuildFile; fileRef = 3C2E3B521DE6ABD000950F24 /* sample3Tests.swift */; };
		3C2E3B5E1DE6ABD000950F24 /* sample3UITests.swift in Sources */ = {isa = PBXBuildFile; fileRef = 3C2E3B5D1DE6ABD000950F24 /* sample3UITests.swift */; };
		3CA0E3AB1DE7FBAC00C72304 /* RealmSwift.framework in Frameworks */ = {isa = PBXBuildFile; fileRef = 3CA0E3AA1DE7FBAC00C72304 /* RealmSwift.framework */; };
		3CB35A8E1DE7F778004D2226 /* Realm.framework in Frameworks */ = {isa = PBXBuildFile; fileRef = 3CB35A8D1DE7F778004D2226 /* Realm.framework */; };
		3CB35A901DE7F8FE004D2226 /* User.swift in Sources */ = {isa = PBXBuildFile; fileRef = 3CB35A8F1DE7F8FE004D2226 /* User.swift */; };
		43C82BA08F2A0EA76515C71B /* Pods_sample3UITests.framework in Frameworks */ = {isa = PBXBuildFile; fileRef = 35FD21F02FDE768C7762983F /* Pods_sample3UITests.framework */; };
		BA9DDFBE9BAA46CF72DF2B11 /* Pods_sample3.framework in Frameworks */ = {isa = PBXBuildFile; fileRef = DA5BE478E5078F63A4F50FE3 /* Pods_sample3.framework */; };
/* End PBXBuildFile section */

/* Begin PBXContainerItemProxy section */
		3C2E3B4F1DE6ABD000950F24 /* PBXContainerItemProxy */ = {
			isa = PBXContainerItemProxy;
			containerPortal = 3C2E3B321DE6ABD000950F24 /* Project object */;
			proxyType = 1;
			remoteGlobalIDString = 3C2E3B391DE6ABD000950F24;
			remoteInfo = sample3;
		};
		3C2E3B5A1DE6ABD000950F24 /* PBXContainerItemProxy */ = {
			isa = PBXContainerItemProxy;
			containerPortal = 3C2E3B321DE6ABD000950F24 /* Project object */;
			proxyType = 1;
			remoteGlobalIDString = 3C2E3B391DE6ABD000950F24;
			remoteInfo = sample3;
		};
/* End PBXContainerItemProxy section */

/* Begin PBXFileReference section */
		0114E4076559EA58FC7DEA25 /* Pods-sample3.release.xcconfig */ = {isa = PBXFileReference; includeInIndex = 1; lastKnownFileType = text.xcconfig; name = "Pods-sample3.release.xcconfig"; path = "Pods/Target Support Files/Pods-sample3/Pods-sample3.release.xcconfig"; sourceTree = "<group>"; };
		35FD21F02FDE768C7762983F /* Pods_sample3UITests.framework */ = {isa = PBXFileReference; explicitFileType = wrapper.framework; includeInIndex = 0; path = Pods_sample3UITests.framework; sourceTree = BUILT_PRODUCTS_DIR; };
		3C2E3B3A1DE6ABD000950F24 /* sample3.app */ = {isa = PBXFileReference; explicitFileType = wrapper.application; includeInIndex = 0; path = sample3.app; sourceTree = BUILT_PRODUCTS_DIR; };
		3C2E3B3D1DE6ABD000950F24 /* AppDelegate.swift */ = {isa = PBXFileReference; lastKnownFileType = sourcecode.swift; path = AppDelegate.swift; sourceTree = "<group>"; };
		3C2E3B3F1DE6ABD000950F24 /* ViewController.swift */ = {isa = PBXFileReference; lastKnownFileType = sourcecode.swift; path = ViewController.swift; sourceTree = "<group>"; };
		3C2E3B421DE6ABD000950F24 /* Base */ = {isa = PBXFileReference; lastKnownFileType = file.storyboard; name = Base; path = Base.lproj/Main.storyboard; sourceTree = "<group>"; };
		3C2E3B441DE6ABD000950F24 /* Assets.xcassets */ = {isa = PBXFileReference; lastKnownFileType = folder.assetcatalog; path = Assets.xcassets; sourceTree = "<group>"; };
		3C2E3B471DE6ABD000950F24 /* Base */ = {isa = PBXFileReference; lastKnownFileType = file.storyboard; name = Base; path = Base.lproj/LaunchScreen.storyboard; sourceTree = "<group>"; };
		3C2E3B491DE6ABD000950F24 /* Info.plist */ = {isa = PBXFileReference; lastKnownFileType = text.plist.xml; path = Info.plist; sourceTree = "<group>"; };
		3C2E3B4E1DE6ABD000950F24 /* sample3Tests.xctest */ = {isa = PBXFileReference; explicitFileType = wrapper.cfbundle; includeInIndex = 0; path = sample3Tests.xctest; sourceTree = BUILT_PRODUCTS_DIR; };
		3C2E3B521DE6ABD000950F24 /* sample3Tests.swift */ = {isa = PBXFileReference; lastKnownFileType = sourcecode.swift; path = sample3Tests.swift; sourceTree = "<group>"; };
		3C2E3B541DE6ABD000950F24 /* Info.plist */ = {isa = PBXFileReference; lastKnownFileType = text.plist.xml; path = Info.plist; sourceTree = "<group>"; };
		3C2E3B591DE6ABD000950F24 /* sample3UITests.xctest */ = {isa = PBXFileReference; explicitFileType = wrapper.cfbundle; includeInIndex = 0; path = sample3UITests.xctest; sourceTree = BUILT_PRODUCTS_DIR; };
		3C2E3B5D1DE6ABD000950F24 /* sample3UITests.swift */ = {isa = PBXFileReference; lastKnownFileType = sourcecode.swift; path = sample3UITests.swift; sourceTree = "<group>"; };
		3C2E3B5F1DE6ABD000950F24 /* Info.plist */ = {isa = PBXFileReference; lastKnownFileType = text.plist.xml; path = Info.plist; sourceTree = "<group>"; };
		3CA0E3AA1DE7FBAC00C72304 /* RealmSwift.framework */ = {isa = PBXFileReference; lastKnownFileType = wrapper.framework; name = RealmSwift.framework; path = "../../../Library/Developer/Xcode/DerivedData/sample3-flbjilharstqeogloibqdzthnjsb/Build/Products/Debug-iphonesimulator/RealmSwift/RealmSwift.framework"; sourceTree = "<group>"; };
		3CB35A8D1DE7F778004D2226 /* Realm.framework */ = {isa = PBXFileReference; lastKnownFileType = wrapper.framework; name = Realm.framework; path = "Pods/../build/Debug-iphoneos/Realm/Realm.framework"; sourceTree = "<group>"; };
		3CB35A8F1DE7F8FE004D2226 /* User.swift */ = {isa = PBXFileReference; fileEncoding = 4; lastKnownFileType = sourcecode.swift; path = User.swift; sourceTree = "<group>"; };
		51B188D408DBE434E0104DDF /* Pods-sample3.debug.xcconfig */ = {isa = PBXFileReference; includeInIndex = 1; lastKnownFileType = text.xcconfig; name = "Pods-sample3.debug.xcconfig"; path = "Pods/Target Support Files/Pods-sample3/Pods-sample3.debug.xcconfig"; sourceTree = "<group>"; };
		6BF8C680AD6A5BA31A6CBBF6 /* Pods_sample3Tests.framework */ = {isa = PBXFileReference; explicitFileType = wrapper.framework; includeInIndex = 0; path = Pods_sample3Tests.framework; sourceTree = BUILT_PRODUCTS_DIR; };
		949C4B1D4B94DCB22FD8700B /* Pods-sample3UITests.debug.xcconfig */ = {isa = PBXFileReference; includeInIndex = 1; lastKnownFileType = text.xcconfig; name = "Pods-sample3UITests.debug.xcconfig"; path = "Pods/Target Support Files/Pods-sample3UITests/Pods-sample3UITests.debug.xcconfig"; sourceTree = "<group>"; };
		AB819B1C50AFBB4862390876 /* Pods-sample3Tests.release.xcconfig */ = {isa = PBXFileReference; includeInIndex = 1; lastKnownFileType = text.xcconfig; name = "Pods-sample3Tests.release.xcconfig"; path = "Pods/Target Support Files/Pods-sample3Tests/Pods-sample3Tests.release.xcconfig"; sourceTree = "<group>"; };
		DA5BE478E5078F63A4F50FE3 /* Pods_sample3.framework */ = {isa = PBXFileReference; explicitFileType = wrapper.framework; includeInIndex = 0; path = Pods_sample3.framework; sourceTree = BUILT_PRODUCTS_DIR; };
		DB3CDE2D34CAF6A127BB613D /* Pods-sample3Tests.debug.xcconfig */ = {isa = PBXFileReference; includeInIndex = 1; lastKnownFileType = text.xcconfig; name = "Pods-sample3Tests.debug.xcconfig"; path = "Pods/Target Support Files/Pods-sample3Tests/Pods-sample3Tests.debug.xcconfig"; sourceTree = "<group>"; };
		E3DCB145D9965356A722116F /* Pods-sample3UITests.release.xcconfig */ = {isa = PBXFileReference; includeInIndex = 1; lastKnownFileType = text.xcconfig; name = "Pods-sample3UITests.release.xcconfig"; path = "Pods/Target Support Files/Pods-sample3UITests/Pods-sample3UITests.release.xcconfig"; sourceTree = "<group>"; };
/* End PBXFileReference section */

/* Begin PBXFrameworksBuildPhase section */
		3C2E3B371DE6ABD000950F24 /* Frameworks */ = {
			isa = PBXFrameworksBuildPhase;
			buildActionMask = 2147483647;
			files = (
				3CA0E3AB1DE7FBAC00C72304 /* RealmSwift.framework in Frameworks */,
				3CB35A8E1DE7F778004D2226 /* Realm.framework in Frameworks */,
				BA9DDFBE9BAA46CF72DF2B11 /* Pods_sample3.framework in Frameworks */,
			);
			runOnlyForDeploymentPostprocessing = 0;
		};
		3C2E3B4B1DE6ABD000950F24 /* Frameworks */ = {
			isa = PBXFrameworksBuildPhase;
			buildActionMask = 2147483647;
			files = (
				037137C5527687B945DC4C4F /* Pods_sample3Tests.framework in Frameworks */,
			);
			runOnlyForDeploymentPostprocessing = 0;
		};
		3C2E3B561DE6ABD000950F24 /* Frameworks */ = {
			isa = PBXFrameworksBuildPhase;
			buildActionMask = 2147483647;
			files = (
				43C82BA08F2A0EA76515C71B /* Pods_sample3UITests.framework in Frameworks */,
			);
			runOnlyForDeploymentPostprocessing = 0;
		};
/* End PBXFrameworksBuildPhase section */

/* Begin PBXGroup section */
		3C2E3B311DE6ABD000950F24 = {
			isa = PBXGroup;
			children = (
				3C2E3B3C1DE6ABD000950F24 /* sample3 */,
				3C2E3B511DE6ABD000950F24 /* sample3Tests */,
				3C2E3B5C1DE6ABD000950F24 /* sample3UITests */,
				3C2E3B3B1DE6ABD000950F24 /* Products */,
				7D2D9A91ECD8E565927FCFAD /* Pods */,
				CDE387996FA32DD463BCFD06 /* Frameworks */,
			);
			sourceTree = "<group>";
		};
		3C2E3B3B1DE6ABD000950F24 /* Products */ = {
			isa = PBXGroup;
			children = (
				3C2E3B3A1DE6ABD000950F24 /* sample3.app */,
				3C2E3B4E1DE6ABD000950F24 /* sample3Tests.xctest */,
				3C2E3B591DE6ABD000950F24 /* sample3UITests.xctest */,
			);
			name = Products;
			sourceTree = "<group>";
		};
		3C2E3B3C1DE6ABD000950F24 /* sample3 */ = {
			isa = PBXGroup;
			children = (
				3C2E3B3D1DE6ABD000950F24 /* AppDelegate.swift */,
				3C2E3B3F1DE6ABD000950F24 /* ViewController.swift */,
				3C2E3B411DE6ABD000950F24 /* Main.storyboard */,
				3C2E3B441DE6ABD000950F24 /* Assets.xcassets */,
				3C2E3B461DE6ABD000950F24 /* LaunchScreen.storyboard */,
				3C2E3B491DE6ABD000950F24 /* Info.plist */,
				3CB35A8F1DE7F8FE004D2226 /* User.swift */,
			);
			path = sample3;
			sourceTree = "<group>";
		};
		3C2E3B511DE6ABD000950F24 /* sample3Tests */ = {
			isa = PBXGroup;
			children = (
				3C2E3B521DE6ABD000950F24 /* sample3Tests.swift */,
				3C2E3B541DE6ABD000950F24 /* Info.plist */,
			);
			path = sample3Tests;
			sourceTree = "<group>";
		};
		3C2E3B5C1DE6ABD000950F24 /* sample3UITests */ = {
			isa = PBXGroup;
			children = (
				3C2E3B5D1DE6ABD000950F24 /* sample3UITests.swift */,
				3C2E3B5F1DE6ABD000950F24 /* Info.plist */,
			);
			path = sample3UITests;
			sourceTree = "<group>";
		};
		7D2D9A91ECD8E565927FCFAD /* Pods */ = {
			isa = PBXGroup;
			children = (
				51B188D408DBE434E0104DDF /* Pods-sample3.debug.xcconfig */,
				0114E4076559EA58FC7DEA25 /* Pods-sample3.release.xcconfig */,
				DB3CDE2D34CAF6A127BB613D /* Pods-sample3Tests.debug.xcconfig */,
				AB819B1C50AFBB4862390876 /* Pods-sample3Tests.release.xcconfig */,
				949C4B1D4B94DCB22FD8700B /* Pods-sample3UITests.debug.xcconfig */,
				E3DCB145D9965356A722116F /* Pods-sample3UITests.release.xcconfig */,
			);
			name = Pods;
			sourceTree = "<group>";
		};
		CDE387996FA32DD463BCFD06 /* Frameworks */ = {
			isa = PBXGroup;
			children = (
				3CA0E3AA1DE7FBAC00C72304 /* RealmSwift.framework */,
				3CB35A8D1DE7F778004D2226 /* Realm.framework */,
				DA5BE478E5078F63A4F50FE3 /* Pods_sample3.framework */,
				6BF8C680AD6A5BA31A6CBBF6 /* Pods_sample3Tests.framework */,
				35FD21F02FDE768C7762983F /* Pods_sample3UITests.framework */,
			);
			name = Frameworks;
			sourceTree = "<group>";
		};
/* End PBXGroup section */

/* Begin PBXNativeTarget section */
		3C2E3B391DE6ABD000950F24 /* sample3 */ = {
			isa = PBXNativeTarget;
			buildConfigurationList = 3C2E3B621DE6ABD000950F24 /* Build configuration list for PBXNativeTarget "sample3" */;
			buildPhases = (
				D8AA3ED7A1F3DF94FA5DFBFA /* [CP] Check Pods Manifest.lock */,
				3C2E3B361DE6ABD000950F24 /* Sources */,
				3C2E3B371DE6ABD000950F24 /* Frameworks */,
				3C2E3B381DE6ABD000950F24 /* Resources */,
				C8037EE436DABE315879FC4D /* [CP] Embed Pods Frameworks */,
				61E5F75473CDE9D890BB1870 /* [CP] Copy Pods Resources */,
			);
			buildRules = (
			);
			dependencies = (
			);
			name = sample3;
			productName = sample3;
			productReference = 3C2E3B3A1DE6ABD000950F24 /* sample3.app */;
			productType = "com.apple.product-type.application";
		};
		3C2E3B4D1DE6ABD000950F24 /* sample3Tests */ = {
			isa = PBXNativeTarget;
			buildConfigurationList = 3C2E3B651DE6ABD000950F24 /* Build configuration list for PBXNativeTarget "sample3Tests" */;
			buildPhases = (
				E3A2DB22D0AE9DCE07696EFB /* [CP] Check Pods Manifest.lock */,
				3C2E3B4A1DE6ABD000950F24 /* Sources */,
				3C2E3B4B1DE6ABD000950F24 /* Frameworks */,
				3C2E3B4C1DE6ABD000950F24 /* Resources */,
				2534C2D7880278BD220B2D6D /* [CP] Embed Pods Frameworks */,
				6F9948AA0C9F00FEC024E9E5 /* [CP] Copy Pods Resources */,
			);
			buildRules = (
			);
			dependencies = (
				3C2E3B501DE6ABD000950F24 /* PBXTargetDependency */,
			);
			name = sample3Tests;
			productName = sample3Tests;
			productReference = 3C2E3B4E1DE6ABD000950F24 /* sample3Tests.xctest */;
			productType = "com.apple.product-type.bundle.unit-test";
		};
		3C2E3B581DE6ABD000950F24 /* sample3UITests */ = {
			isa = PBXNativeTarget;
			buildConfigurationList = 3C2E3B681DE6ABD000950F24 /* Build configuration list for PBXNativeTarget "sample3UITests" */;
			buildPhases = (
				C3DDB553950DCC50168F28B4 /* [CP] Check Pods Manifest.lock */,
				3C2E3B551DE6ABD000950F24 /* Sources */,
				3C2E3B561DE6ABD000950F24 /* Frameworks */,
				3C2E3B571DE6ABD000950F24 /* Resources */,
				E7BE437C0E79E44C86FE9286 /* [CP] Embed Pods Frameworks */,
				DFA999CB14791B619B6DFC53 /* [CP] Copy Pods Resources */,
			);
			buildRules = (
			);
			dependencies = (
				3C2E3B5B1DE6ABD000950F24 /* PBXTargetDependency */,
			);
			name = sample3UITests;
			productName = sample3UITests;
			productReference = 3C2E3B591DE6ABD000950F24 /* sample3UITests.xctest */;
			productType = "com.apple.product-type.bundle.ui-testing";
		};
/* End PBXNativeTarget section */

/* Begin PBXProject section */
		3C2E3B321DE6ABD000950F24 /* Project object */ = {
			isa = PBXProject;
			attributes = {
				LastSwiftUpdateCheck = 0800;
				LastUpgradeCheck = 0800;
				ORGANIZATIONNAME = gembaf;
				TargetAttributes = {
					3C2E3B391DE6ABD000950F24 = {
						CreatedOnToolsVersion = 8.0;
						ProvisioningStyle = Automatic;
					};
					3C2E3B4D1DE6ABD000950F24 = {
						CreatedOnToolsVersion = 8.0;
						ProvisioningStyle = Automatic;
						TestTargetID = 3C2E3B391DE6ABD000950F24;
					};
					3C2E3B581DE6ABD000950F24 = {
						CreatedOnToolsVersion = 8.0;
						ProvisioningStyle = Automatic;
						TestTargetID = 3C2E3B391DE6ABD000950F24;
					};
				};
			};
			buildConfigurationList = 3C2E3B351DE6ABD000950F24 /* Build configuration list for PBXProject "sample3" */;
			compatibilityVersion = "Xcode 3.2";
			developmentRegion = English;
			hasScannedForEncodings = 0;
			knownRegions = (
				en,
				Base,
			);
			mainGroup = 3C2E3B311DE6ABD000950F24;
			productRefGroup = 3C2E3B3B1DE6ABD000950F24 /* Products */;
			projectDirPath = "";
			projectRoot = "";
			targets = (
				3C2E3B391DE6ABD000950F24 /* sample3 */,
				3C2E3B4D1DE6ABD000950F24 /* sample3Tests */,
				3C2E3B581DE6ABD000950F24 /* sample3UITests */,
			);
		};
/* End PBXProject section */

/* Begin PBXResourcesBuildPhase section */
		3C2E3B381DE6ABD000950F24 /* Resources */ = {
			isa = PBXResourcesBuildPhase;
			buildActionMask = 2147483647;
			files = (
				3C2E3B481DE6ABD000950F24 /* LaunchScreen.storyboard in Resources */,
				3C2E3B451DE6ABD000950F24 /* Assets.xcassets in Resources */,
				3C2E3B431DE6ABD000950F24 /* Main.storyboard in Resources */,
			);
			runOnlyForDeploymentPostprocessing = 0;
		};
		3C2E3B4C1DE6ABD000950F24 /* Resources */ = {
			isa = PBXResourcesBuildPhase;
			buildActionMask = 2147483647;
			files = (
			);
			runOnlyForDeploymentPostprocessing = 0;
		};
		3C2E3B571DE6ABD000950F24 /* Resources */ = {
			isa = PBXResourcesBuildPhase;
			buildActionMask = 2147483647;
			files = (
			);
			runOnlyForDeploymentPostprocessing = 0;
		};
/* End PBXResourcesBuildPhase section */

/* Begin PBXShellScriptBuildPhase section */
		2534C2D7880278BD220B2D6D /* [CP] Embed Pods Frameworks */ = {
			isa = PBXShellScriptBuildPhase;
			buildActionMask = 2147483647;
			files = (
			);
			inputPaths = (
			);
			name = "[CP] Embed Pods Frameworks";
			outputPaths = (
			);
			runOnlyForDeploymentPostprocessing = 0;
			shellPath = /bin/sh;
			shellScript = "\"${SRCROOT}/Pods/Target Support Files/Pods-sample3Tests/Pods-sample3Tests-frameworks.sh\"\n";
			showEnvVarsInLog = 0;
		};
		61E5F75473CDE9D890BB1870 /* [CP] Copy Pods Resources */ = {
			isa = PBXShellScriptBuildPhase;
			buildActionMask = 2147483647;
			files = (
			);
			inputPaths = (
			);
			name = "[CP] Copy Pods Resources";
			outputPaths = (
			);
			runOnlyForDeploymentPostprocessing = 0;
			shellPath = /bin/sh;
			shellScript = "\"${SRCROOT}/Pods/Target Support Files/Pods-sample3/Pods-sample3-resources.sh\"\n";
			showEnvVarsInLog = 0;
		};
		6F9948AA0C9F00FEC024E9E5 /* [CP] Copy Pods Resources */ = {
			isa = PBXShellScriptBuildPhase;
			buildActionMask = 2147483647;
			files = (
			);
			inputPaths = (
			);
			name = "[CP] Copy Pods Resources";
			outputPaths = (
			);
			runOnlyForDeploymentPostprocessing = 0;
			shellPath = /bin/sh;
			shellScript = "\"${SRCROOT}/Pods/Target Support Files/Pods-sample3Tests/Pods-sample3Tests-resources.sh\"\n";
			showEnvVarsInLog = 0;
		};
		C3DDB553950DCC50168F28B4 /* [CP] Check Pods Manifest.lock */ = {
			isa = PBXShellScriptBuildPhase;
			buildActionMask = 2147483647;
			files = (
			);
			inputPaths = (
			);
			name = "[CP] Check Pods Manifest.lock";
			outputPaths = (
			);
			runOnlyForDeploymentPostprocessing = 0;
			shellPath = /bin/sh;
			shellScript = "diff \"${PODS_ROOT}/../Podfile.lock\" \"${PODS_ROOT}/Manifest.lock\" > /dev/null\nif [ $? != 0 ] ; then\n    # print error to STDERR\n    echo \"error: The sandbox is not in sync with the Podfile.lock. Run 'pod install' or update your CocoaPods installation.\" >&2\n    exit 1\nfi\n";
			showEnvVarsInLog = 0;
		};
		C8037EE436DABE315879FC4D /* [CP] Embed Pods Frameworks */ = {
			isa = PBXShellScriptBuildPhase;
			buildActionMask = 2147483647;
			files = (
			);
			inputPaths = (
			);
			name = "[CP] Embed Pods Frameworks";
			outputPaths = (
			);
			runOnlyForDeploymentPostprocessing = 0;
			shellPath = /bin/sh;
			shellScript = "\"${SRCROOT}/Pods/Target Support Files/Pods-sample3/Pods-sample3-frameworks.sh\"\n";
			showEnvVarsInLog = 0;
		};
		D8AA3ED7A1F3DF94FA5DFBFA /* [CP] Check Pods Manifest.lock */ = {
			isa = PBXShellScriptBuildPhase;
			buildActionMask = 2147483647;
			files = (
			);
			inputPaths = (
			);
			name = "[CP] Check Pods Manifest.lock";
			outputPaths = (
			);
			runOnlyForDeploymentPostprocessing = 0;
			shellPath = /bin/sh;
			shellScript = "diff \"${PODS_ROOT}/../Podfile.lock\" \"${PODS_ROOT}/Manifest.lock\" > /dev/null\nif [ $? != 0 ] ; then\n    # print error to STDERR\n    echo \"error: The sandbox is not in sync with the Podfile.lock. Run 'pod install' or update your CocoaPods installation.\" >&2\n    exit 1\nfi\n";
			showEnvVarsInLog = 0;
		};
		DFA999CB14791B619B6DFC53 /* [CP] Copy Pods Resources */ = {
			isa = PBXShellScriptBuildPhase;
			buildActionMask = 2147483647;
			files = (
			);
			inputPaths = (
			);
			name = "[CP] Copy Pods Resources";
			outputPaths = (
			);
			runOnlyForDeploymentPostprocessing = 0;
			shellPath = /bin/sh;
			shellScript = "\"${SRCROOT}/Pods/Target Support Files/Pods-sample3UITests/Pods-sample3UITests-resources.sh\"\n";
			showEnvVarsInLog = 0;
		};
		E3A2DB22D0AE9DCE07696EFB /* [CP] Check Pods Manifest.lock */ = {
			isa = PBXShellScriptBuildPhase;
			buildActionMask = 2147483647;
			files = (
			);
			inputPaths = (
			);
			name = "[CP] Check Pods Manifest.lock";
			outputPaths = (
			);
			runOnlyForDeploymentPostprocessing = 0;
			shellPath = /bin/sh;
			shellScript = "diff \"${PODS_ROOT}/../Podfile.lock\" \"${PODS_ROOT}/Manifest.lock\" > /dev/null\nif [ $? != 0 ] ; then\n    # print error to STDERR\n    echo \"error: The sandbox is not in sync with the Podfile.lock. Run 'pod install' or update your CocoaPods installation.\" >&2\n    exit 1\nfi\n";
			showEnvVarsInLog = 0;
		};
		E7BE437C0E79E44C86FE9286 /* [CP] Embed Pods Frameworks */ = {
			isa = PBXShellScriptBuildPhase;
			buildActionMask = 2147483647;
			files = (
			);
			inputPaths = (
			);
			name = "[CP] Embed Pods Frameworks";
			outputPaths = (
			);
			runOnlyForDeploymentPostprocessing = 0;
			shellPath = /bin/sh;
			shellScript = "\"${SRCROOT}/Pods/Target Support Files/Pods-sample3UITests/Pods-sample3UITests-frameworks.sh\"\n";
			showEnvVarsInLog = 0;
		};
/* End PBXShellScriptBuildPhase section */

/* Begin PBXSourcesBuildPhase section */
		3C2E3B361DE6ABD000950F24 /* Sources */ = {
			isa = PBXSourcesBuildPhase;
			buildActionMask = 2147483647;
			files = (
				3C2E3B401DE6ABD000950F24 /* ViewController.swift in Sources */,
				3C2E3B3E1DE6ABD000950F24 /* AppDelegate.swift in Sources */,
				3CB35A901DE7F8FE004D2226 /* User.swift in Sources */,
			);
			runOnlyForDeploymentPostprocessing = 0;
		};
		3C2E3B4A1DE6ABD000950F24 /* Sources */ = {
			isa = PBXSourcesBuildPhase;
			buildActionMask = 2147483647;
			files = (
				3C2E3B531DE6ABD000950F24 /* sample3Tests.swift in Sources */,
			);
			runOnlyForDeploymentPostprocessing = 0;
		};
		3C2E3B551DE6ABD000950F24 /* Sources */ = {
			isa = PBXSourcesBuildPhase;
			buildActionMask = 2147483647;
			files = (
				3C2E3B5E1DE6ABD000950F24 /* sample3UITests.swift in Sources */,
			);
			runOnlyForDeploymentPostprocessing = 0;
		};
/* End PBXSourcesBuildPhase section */

/* Begin PBXTargetDependency section */
		3C2E3B501DE6ABD000950F24 /* PBXTargetDependency */ = {
			isa = PBXTargetDependency;
			target = 3C2E3B391DE6ABD000950F24 /* sample3 */;
			targetProxy = 3C2E3B4F1DE6ABD000950F24 /* PBXContainerItemProxy */;
		};
		3C2E3B5B1DE6ABD000950F24 /* PBXTargetDependency */ = {
			isa = PBXTargetDependency;
			target = 3C2E3B391DE6ABD000950F24 /* sample3 */;
			targetProxy = 3C2E3B5A1DE6ABD000950F24 /* PBXContainerItemProxy */;
		};
/* End PBXTargetDependency section */

/* Begin PBXVariantGroup section */
		3C2E3B411DE6ABD000950F24 /* Main.storyboard */ = {
			isa = PBXVariantGroup;
			children = (
				3C2E3B421DE6ABD000950F24 /* Base */,
			);
			name = Main.storyboard;
			sourceTree = "<group>";
		};
		3C2E3B461DE6ABD000950F24 /* LaunchScreen.storyboard */ = {
			isa = PBXVariantGroup;
			children = (
				3C2E3B471DE6ABD000950F24 /* Base */,
			);
			name = LaunchScreen.storyboard;
			sourceTree = "<group>";
		};
/* End PBXVariantGroup section */

/* Begin XCBuildConfiguration section */
		3C2E3B601DE6ABD000950F24 /* Debug */ = {
			isa = XCBuildConfiguration;
			buildSettings = {
				ALWAYS_SEARCH_USER_PATHS = NO;
				CLANG_ANALYZER_NONNULL = YES;
				CLANG_CXX_LANGUAGE_STANDARD = "gnu++0x";
				CLANG_CXX_LIBRARY = "libc++";
				CLANG_ENABLE_MODULES = YES;
				CLANG_ENABLE_OBJC_ARC = YES;
				CLANG_WARN_BOOL_CONVERSION = YES;
				CLANG_WARN_CONSTANT_CONVERSION = YES;
				CLANG_WARN_DIRECT_OBJC_ISA_USAGE = YES_ERROR;
				CLANG_WARN_DOCUMENTATION_COMMENTS = YES;
				CLANG_WARN_EMPTY_BODY = YES;
				CLANG_WARN_ENUM_CONVERSION = YES;
				CLANG_WARN_INFINITE_RECURSION = YES;
				CLANG_WARN_INT_CONVERSION = YES;
				CLANG_WARN_OBJC_ROOT_CLASS = YES_ERROR;
				CLANG_WARN_SUSPICIOUS_MOVE = YES;
				CLANG_WARN_SUSPICIOUS_MOVES = YES;
				CLANG_WARN_UNREACHABLE_CODE = YES;
				CLANG_WARN__DUPLICATE_METHOD_MATCH = YES;
				"CODE_SIGN_IDENTITY[sdk=iphoneos*]" = "iPhone Developer";
				COPY_PHASE_STRIP = NO;
				DEBUG_INFORMATION_FORMAT = dwarf;
				ENABLE_STRICT_OBJC_MSGSEND = YES;
				ENABLE_TESTABILITY = YES;
				GCC_C_LANGUAGE_STANDARD = gnu99;
				GCC_DYNAMIC_NO_PIC = NO;
				GCC_NO_COMMON_BLOCKS = YES;
				GCC_OPTIMIZATION_LEVEL = 0;
				GCC_PREPROCESSOR_DEFINITIONS = (
					"DEBUG=1",
					"$(inherited)",
				);
				GCC_WARN_64_TO_32_BIT_CONVERSION = YES;
				GCC_WARN_ABOUT_RETURN_TYPE = YES_ERROR;
				GCC_WARN_UNDECLARED_SELECTOR = YES;
				GCC_WARN_UNINITIALIZED_AUTOS = YES_AGGRESSIVE;
				GCC_WARN_UNUSED_FUNCTION = YES;
				GCC_WARN_UNUSED_VARIABLE = YES;
				IPHONEOS_DEPLOYMENT_TARGET = 10.0;
				MTL_ENABLE_DEBUG_INFO = YES;
				ONLY_ACTIVE_ARCH = YES;
				SDKROOT = iphoneos;
				SWIFT_ACTIVE_COMPILATION_CONDITIONS = DEBUG;
				SWIFT_OPTIMIZATION_LEVEL = "-Onone";
				TARGETED_DEVICE_FAMILY = "1,2";
			};
			name = Debug;
		};
		3C2E3B611DE6ABD000950F24 /* Release */ = {
			isa = XCBuildConfiguration;
			buildSettings = {
				ALWAYS_SEARCH_USER_PATHS = NO;
				CLANG_ANALYZER_NONNULL = YES;
				CLANG_CXX_LANGUAGE_STANDARD = "gnu++0x";
				CLANG_CXX_LIBRARY = "libc++";
				CLANG_ENABLE_MODULES = YES;
				CLANG_ENABLE_OBJC_ARC = YES;
				CLANG_WARN_BOOL_CONVERSION = YES;
				CLANG_WARN_CONSTANT_CONVERSION = YES;
				CLANG_WARN_DIRECT_OBJC_ISA_USAGE = YES_ERROR;
				CLANG_WARN_DOCUMENTATION_COMMENTS = YES;
				CLANG_WARN_EMPTY_BODY = YES;
				CLANG_WARN_ENUM_CONVERSION = YES;
				CLANG_WARN_INFINITE_RECURSION = YES;
				CLANG_WARN_INT_CONVERSION = YES;
				CLANG_WARN_OBJC_ROOT_CLASS = YES_ERROR;
				CLANG_WARN_SUSPICIOUS_MOVE = YES;
				CLANG_WARN_SUSPICIOUS_MOVES = YES;
				CLANG_WARN_UNREACHABLE_CODE = YES;
				CLANG_WARN__DUPLICATE_METHOD_MATCH = YES;
				"CODE_SIGN_IDENTITY[sdk=iphoneos*]" = "iPhone Developer";
				COPY_PHASE_STRIP = NO;
				DEBUG_INFORMATION_FORMAT = "dwarf-with-dsym";
				ENABLE_NS_ASSERTIONS = NO;
				ENABLE_STRICT_OBJC_MSGSEND = YES;
				GCC_C_LANGUAGE_STANDARD = gnu99;
				GCC_NO_COMMON_BLOCKS = YES;
				GCC_WARN_64_TO_32_BIT_CONVERSION = YES;
				GCC_WARN_ABOUT_RETURN_TYPE = YES_ERROR;
				GCC_WARN_UNDECLARED_SELECTOR = YES;
				GCC_WARN_UNINITIALIZED_AUTOS = YES_AGGRESSIVE;
				GCC_WARN_UNUSED_FUNCTION = YES;
				GCC_WARN_UNUSED_VARIABLE = YES;
				IPHONEOS_DEPLOYMENT_TARGET = 10.0;
				MTL_ENABLE_DEBUG_INFO = NO;
				SDKROOT = iphoneos;
				SWIFT_OPTIMIZATION_LEVEL = "-Owholemodule";
				TARGETED_DEVICE_FAMILY = "1,2";
				VALIDATE_PRODUCT = YES;
			};
			name = Release;
		};
		3C2E3B631DE6ABD000950F24 /* Debug */ = {
			isa = XCBuildConfiguration;
			baseConfigurationReference = 51B188D408DBE434E0104DDF /* Pods-sample3.debug.xcconfig */;
			buildSettings = {
				ASSETCATALOG_COMPILER_APPICON_NAME = AppIcon;
				FRAMEWORK_SEARCH_PATHS = (
					"$(inherited)",
					"$(PROJECT_DIR)/build/Debug-iphoneos/Realm",
				);
				INFOPLIST_FILE = sample3/Info.plist;
				LD_RUNPATH_SEARCH_PATHS = "$(inherited) @executable_path/Frameworks";
				PRODUCT_BUNDLE_IDENTIFIER = com.gembaf.sample3;
				PRODUCT_NAME = "$(TARGET_NAME)";
				SWIFT_VERSION = 3.0;
			};
			name = Debug;
		};
		3C2E3B641DE6ABD000950F24 /* Release */ = {
			isa = XCBuildConfiguration;
			baseConfigurationReference = 0114E4076559EA58FC7DEA25 /* Pods-sample3.release.xcconfig */;
			buildSettings = {
				ASSETCATALOG_COMPILER_APPICON_NAME = AppIcon;
				FRAMEWORK_SEARCH_PATHS = (
					"$(inherited)",
					"$(PROJECT_DIR)/build/Debug-iphoneos/Realm",
				);
				INFOPLIST_FILE = sample3/Info.plist;
				LD_RUNPATH_SEARCH_PATHS = "$(inherited) @executable_path/Frameworks";
				PRODUCT_BUNDLE_IDENTIFIER = com.gembaf.sample3;
				PRODUCT_NAME = "$(TARGET_NAME)";
				SWIFT_VERSION = 3.0;
			};
			name = Release;
		};
		3C2E3B661DE6ABD000950F24 /* Debug */ = {
			isa = XCBuildConfiguration;
			baseConfigurationReference = DB3CDE2D34CAF6A127BB613D /* Pods-sample3Tests.debug.xcconfig */;
			buildSettings = {
				ALWAYS_EMBED_SWIFT_STANDARD_LIBRARIES = YES;
				BUNDLE_LOADER = "$(TEST_HOST)";
				INFOPLIST_FILE = sample3Tests/Info.plist;
				LD_RUNPATH_SEARCH_PATHS = "$(inherited) @executable_path/Frameworks @loader_path/Frameworks";
				PRODUCT_BUNDLE_IDENTIFIER = com.gembaf.sample3Tests;
				PRODUCT_NAME = "$(TARGET_NAME)";
				SWIFT_VERSION = 3.0;
				TEST_HOST = "$(BUILT_PRODUCTS_DIR)/sample3.app/sample3";
			};
			name = Debug;
		};
		3C2E3B671DE6ABD000950F24 /* Release */ = {
			isa = XCBuildConfiguration;
			baseConfigurationReference = AB819B1C50AFBB4862390876 /* Pods-sample3Tests.release.xcconfig */;
			buildSettings = {
				ALWAYS_EMBED_SWIFT_STANDARD_LIBRARIES = YES;
				BUNDLE_LOADER = "$(TEST_HOST)";
				INFOPLIST_FILE = sample3Tests/Info.plist;
				LD_RUNPATH_SEARCH_PATHS = "$(inherited) @executable_path/Frameworks @loader_path/Frameworks";
				PRODUCT_BUNDLE_IDENTIFIER = com.gembaf.sample3Tests;
				PRODUCT_NAME = "$(TARGET_NAME)";
				SWIFT_VERSION = 3.0;
				TEST_HOST = "$(BUILT_PRODUCTS_DIR)/sample3.app/sample3";
			};
			name = Release;
		};
		3C2E3B691DE6ABD000950F24 /* Debug */ = {
			isa = XCBuildConfiguration;
			baseConfigurationReference = 949C4B1D4B94DCB22FD8700B /* Pods-sample3UITests.debug.xcconfig */;
			buildSettings = {
				ALWAYS_EMBED_SWIFT_STANDARD_LIBRARIES = YES;
				INFOPLIST_FILE = sample3UITests/Info.plist;
				LD_RUNPATH_SEARCH_PATHS = "$(inherited) @executable_path/Frameworks @loader_path/Frameworks";
				PRODUCT_BUNDLE_IDENTIFIER = com.gembaf.sample3UITests;
				PRODUCT_NAME = "$(TARGET_NAME)";
				SWIFT_VERSION = 3.0;
				TEST_TARGET_NAME = sample3;
			};
			name = Debug;
		};
		3C2E3B6A1DE6ABD000950F24 /* Release */ = {
			isa = XCBuildConfiguration;
			baseConfigurationReference = E3DCB145D9965356A722116F /* Pods-sample3UITests.release.xcconfig */;
			buildSettings = {
				ALWAYS_EMBED_SWIFT_STANDARD_LIBRARIES = YES;
				INFOPLIST_FILE = sample3UITests/Info.plist;
				LD_RUNPATH_SEARCH_PATHS = "$(inherited) @executable_path/Frameworks @loader_path/Frameworks";
				PRODUCT_BUNDLE_IDENTIFIER = com.gembaf.sample3UITests;
				PRODUCT_NAME = "$(TARGET_NAME)";
				SWIFT_VERSION = 3.0;
				TEST_TARGET_NAME = sample3;
			};
			name = Release;
		};
/* End XCBuildConfiguration section */

/* Begin XCConfigurationList section */
		3C2E3B351DE6ABD000950F24 /* Build configuration list for PBXProject "sample3" */ = {
			isa = XCConfigurationList;
			buildConfigurations = (
				3C2E3B601DE6ABD000950F24 /* Debug */,
				3C2E3B611DE6ABD000950F24 /* Release */,
			);
			defaultConfigurationIsVisible = 0;
			defaultConfigurationName = Release;
		};
		3C2E3B621DE6ABD000950F24 /* Build configuration list for PBXNativeTarget "sample3" */ = {
			isa = XCConfigurationList;
			buildConfigurations = (
				3C2E3B631DE6ABD000950F24 /* Debug */,
				3C2E3B641DE6ABD000950F24 /* Release */,
			);
			defaultConfigurationIsVisible = 0;
			defaultConfigurationName = Release;
		};
		3C2E3B651DE6ABD000950F24 /* Build configuration list for PBXNativeTarget "sample3Tests" */ = {
			isa = XCConfigurationList;
			buildConfigurations = (
				3C2E3B661DE6ABD000950F24 /* Debug */,
				3C2E3B671DE6ABD000950F24 /* Release */,
			);
			defaultConfigurationIsVisible = 0;
			defaultConfigurationName = Release;
		};
		3C2E3B681DE6ABD000950F24 /* Build configuration list for PBXNativeTarget "sample3UITests" */ = {
			isa = XCConfigurationList;
			buildConfigurations = (
				3C2E3B691DE6ABD000950F24 /* Debug */,
				3C2E3B6A1DE6ABD000950F24 /* Release */,
			);
			defaultConfigurationIsVisible = 0;
			defaultConfigurationName = Release;
		};
/* End XCConfigurationList section */
	};
	rootObject = 3C2E3B321DE6ABD000950F24 /* Project object */;
}
